
Microsoft Visual Studio Solution File, Format Version 12.00
# Visual Studio 15
VisualStudioVersion = 15.0.27130.2010
MinimumVisualStudioVersion = 10.0.40219.1
Project("{FAE04EC0-301F-11D3-BF4B-00C04F79EFBC}") = "Rentalbase", "Rentalbase\Rentalbase.csproj", "{E84681C3-F03A-438C-BC1C-497953E46B8F}"
EndProject
Project("{FAE04EC0-301F-11D3-BF4B-00C04F79EFBC}") = "Rentalbase.Tests", "Rentalbase.Tests\Rentalbase.Tests.csproj", "{FE3881E6-4CCC-4C80-91D7-219D265FDEA7}"
EndProject
Global
	GlobalSection(SolutionConfigurationPlatforms) = preSolution
		Debug|Any CPU = Debug|Any CPU
		Release|Any CPU = Release|Any CPU
	EndGlobalSection
	GlobalSection(ProjectConfigurationPlatforms) = postSolution
		{E84681C3-F03A-438C-BC1C-497953E46B8F}.Debug|Any CPU.ActiveCfg = Debug|Any CPU
		{E84681C3-F03A-438C-BC1C-497953E46B8F}.Debug|Any CPU.Build.0 = Debug|Any CPU
		{E84681C3-F03A-438C-BC1C-497953E46B8F}.Release|Any CPU.ActiveCfg = Release|Any CPU
		{E84681C3-F03A-438C-BC1C-497953E46B8F}.Release|Any CPU.Build.0 = Release|Any CPU
		{FE3881E6-4CCC-4C80-91D7-219D265FDEA7}.Debug|Any CPU.ActiveCfg = Debug|Any CPU
		{FE3881E6-4CCC-4C80-91D7-219D265FDEA7}.Debug|Any CPU.Build.0 = Debug|Any CPU
		{FE3881E6-4CCC-4C80-91D7-219D265FDEA7}.Release|Any CPU.ActiveCfg = Release|Any CPU
		{FE3881E6-4CCC-4C80-91D7-219D265FDEA7}.Release|Any CPU.Build.0 = Release|Any CPU
	EndGlobalSection
	GlobalSection(SolutionProperties) = preSolution
		HideSolutionNode = FALSE
	EndGlobalSection
	GlobalSection(ExtensibilityGlobals) = postSolution
		SolutionGuid = {1D75507F-7D5A-4908-BE11-E1C87762634F}
	EndGlobalSection
EndGlobal
